
Microsoft Visual Studio Solution File, Format Version 12.00
# Visual Studio Version 17
VisualStudioVersion = 17.9.34701.34
MinimumVisualStudioVersion = 10.0.40219.1
Project("{F184B08F-C81C-45F6-A57F-5ABD9991F28F}") = "ConvertFileExtensions", "ConvertFileExtensions\ConvertFileExtensions.vbproj", "{8DC91D38-16DD-41BB-8577-683C71B65437}"
EndProject
Global
	GlobalSection(SolutionConfigurationPlatforms) = preSolution
		Debug|Any CPU = Debug|Any CPU
		Release|Any CPU = Release|Any CPU
	EndGlobalSection
	GlobalSection(ProjectConfigurationPlatforms) = postSolution
		{8DC91D38-16DD-41BB-8577-683C71B65437}.Debug|Any CPU.ActiveCfg = Debug|Any CPU
		{8DC91D38-16DD-41BB-8577-683C71B65437}.Debug|Any CPU.Build.0 = Debug|Any CPU
		{8DC91D38-16DD-41BB-8577-683C71B65437}.Release|Any CPU.ActiveCfg = Release|Any CPU
		{8DC91D38-16DD-41BB-8577-683C71B65437}.Release|Any CPU.Build.0 = Release|Any CPU
	EndGlobalSection
	GlobalSection(SolutionProperties) = preSolution
		HideSolutionNode = FALSE
	EndGlobalSection
	GlobalSection(ExtensibilityGlobals) = postSolution
		SolutionGuid = {61F8F055-314F-4D72-A4FC-2E02E84027F4}
	EndGlobalSection
EndGlobal
